
Microsoft Visual Studio Solution File, Format Version 12.00
# Visual Studio Version 17
VisualStudioVersion = 17.4.33205.214
MinimumVisualStudioVersion = 10.0.40219.1
Project("{8BC9CEB8-8B4A-11D0-8D11-00A0C91BC942}") = "rsa_demo", "rsa_demo\rsa_demo.vcxproj", "{14F2800A-94B1-4721-9C71-F8990E884579}"
EndProject
Global
	GlobalSection(SolutionConfigurationPlatforms) = preSolution
		Debug|x64 = Debug|x64
		Debug|x86 = Debug|x86
		Release|x64 = Release|x64
		Release|x86 = Release|x86
	EndGlobalSection
	GlobalSection(ProjectConfigurationPlatforms) = postSolution
		{14F2800A-94B1-4721-9C71-F8990E884579}.Debug|x64.ActiveCfg = Debug|x64
		{14F2800A-94B1-4721-9C71-F8990E884579}.Debug|x64.Build.0 = Debug|x64
		{14F2800A-94B1-4721-9C71-F8990E884579}.Debug|x86.ActiveCfg = Debug|Win32
		{14F2800A-94B1-4721-9C71-F8990E884579}.Debug|x86.Build.0 = Debug|Win32
		{14F2800A-94B1-4721-9C71-F8990E884579}.Release|x64.ActiveCfg = Release|x64
		{14F2800A-94B1-4721-9C71-F8990E884579}.Release|x64.Build.0 = Release|x64
		{14F2800A-94B1-4721-9C71-F8990E884579}.Release|x86.ActiveCfg = Release|Win32
		{14F2800A-94B1-4721-9C71-F8990E884579}.Release|x86.Build.0 = Release|Win32
	EndGlobalSection
	GlobalSection(SolutionProperties) = preSolution
		HideSolutionNode = FALSE
	EndGlobalSection
	GlobalSection(ExtensibilityGlobals) = postSolution
		SolutionGuid = {6FE535CD-0EF9-4A98-8955-752613495434}
	EndGlobalSection
EndGlobal
